
Microsoft Visual Studio Solution File, Format Version 12.00
# Visual Studio 14
VisualStudioVersion = 14.0.25420.1
MinimumVisualStudioVersion = 10.0.40219.1
Project("{FAE04EC0-301F-11D3-BF4B-00C04F79EFBC}") = "Salta.Console", "Salta\Salta.Console.csproj", "{432F326F-B968-4C07-8476-550B59765396}"
EndProject
Project("{FAE04EC0-301F-11D3-BF4B-00C04F79EFBC}") = "Salta.Data", "Salta.Data\Salta.Data.csproj", "{3C057BAE-6BDB-47E3-BDEC-788E105C2574}"
EndProject
Project("{FAE04EC0-301F-11D3-BF4B-00C04F79EFBC}") = "Salta.Api", "Salta.Api\Salta.Api.csproj", "{6567906C-E11D-486A-AC1A-E680520B3E15}"
EndProject
Global
	GlobalSection(SolutionConfigurationPlatforms) = preSolution
		Debug|Any CPU = Debug|Any CPU
		Release|Any CPU = Release|Any CPU
	EndGlobalSection
	GlobalSection(ProjectConfigurationPlatforms) = postSolution
		{432F326F-B968-4C07-8476-550B59765396}.Debug|Any CPU.ActiveCfg = Debug|Any CPU
		{432F326F-B968-4C07-8476-550B59765396}.Debug|Any CPU.Build.0 = Debug|Any CPU
		{432F326F-B968-4C07-8476-550B59765396}.Release|Any CPU.ActiveCfg = Release|Any CPU
		{432F326F-B968-4C07-8476-550B59765396}.Release|Any CPU.Build.0 = Release|Any CPU
		{3C057BAE-6BDB-47E3-BDEC-788E105C2574}.Debug|Any CPU.ActiveCfg = Debug|Any CPU
		{3C057BAE-6BDB-47E3-BDEC-788E105C2574}.Debug|Any CPU.Build.0 = Debug|Any CPU
		{3C057BAE-6BDB-47E3-BDEC-788E105C2574}.Release|Any CPU.ActiveCfg = Release|Any CPU
		{3C057BAE-6BDB-47E3-BDEC-788E105C2574}.Release|Any CPU.Build.0 = Release|Any CPU
		{6567906C-E11D-486A-AC1A-E680520B3E15}.Debug|Any CPU.ActiveCfg = Debug|Any CPU
		{6567906C-E11D-486A-AC1A-E680520B3E15}.Debug|Any CPU.Build.0 = Debug|Any CPU
		{6567906C-E11D-486A-AC1A-E680520B3E15}.Release|Any CPU.ActiveCfg = Release|Any CPU
		{6567906C-E11D-486A-AC1A-E680520B3E15}.Release|Any CPU.Build.0 = Release|Any CPU
	EndGlobalSection
	GlobalSection(SolutionProperties) = preSolution
		HideSolutionNode = FALSE
	EndGlobalSection
EndGlobal
